# This file is created and managed by `unidep` 0.21.0.
# For details see https://github.com/basnijholt/unidep
# File generated with: `unidep conda-lock -d tests/simple_monorepo`
#
# This environment can be installed with
# `micromamba create -f conda-lock.yml -n myenv`
# This file is a `conda-lock` file generated via `unidep`.
# For details see https://conda.github.io/conda-lock/

version: 1
metadata:
  content_hash:
    osx-arm64: d0255ed48493b373b39bba9078587018e6631be06fa1e88441faa9ccb049e633
  channels:
  - url: conda-forge
    used_env_vars: []
  platforms:
  - osx-arm64
  sources:
  - tmp.environment.yaml
package:
- name: tzdata
  version: 2023c
  manager: conda
  platform: osx-arm64
  dependencies: {}
  url: https://conda.anaconda.org/conda-forge/noarch/tzdata-2023c-h71feb2d_0.conda
  hash:
    md5: 939e3e74d8be4dac89ce83b20de2492a
    sha256: 0449138224adfa125b220154408419ec37c06b0b49f63c5954724325903ecf55
  category: main
  optional: false
