# This file is created and managed by `unidep` 0.41.0.
# For details see https://github.com/basnijholt/unidep
# File generated with: `unidep conda-lock -d tests/simple_monorepo`
#
# This environment can be installed with
# `micromamba create -f conda-lock.yml -n myenv`
# This file is a `conda-lock` file generated via `unidep`.
# For details see https://conda.github.io/conda-lock/

version: 1
metadata:
  content_hash:
    osx-64: unidep-is-awesome
    osx-arm64: unidep-is-awesome
  channels:
  - url: conda-forge
    used_env_vars: []
  platforms:
  - osx-64
  - osx-arm64
  sources:
  - tests/simple_monorepo/project2/requirements.yaml
package:
- name: python_abi
  version: '3.12'
  manager: conda
  platform: osx-64
  dependencies: {}
  url: https://conda.anaconda.org/conda-forge/osx-64/python_abi-3.12-4_cp312.conda
  hash:
    md5: 87201ac4314b911b74197e588cca3639
    sha256: 82c154d95c1637604671a02a89e72f1382e89a4269265a03506496bd928f6f14
  category: main
  optional: false
- name: python_abi
  version: '3.12'
  manager: conda
  platform: osx-arm64
  dependencies: {}
  url: https://conda.anaconda.org/conda-forge/osx-arm64/python_abi-3.12-4_cp312.conda
  hash:
    md5: bbb3a02c78b2d8219d7213f76d644a2a
    sha256: db25428e4f24f8693ffa39f3ff6dfbb8fd53bc298764b775b57edab1c697560f
  category: main
  optional: false
- name: tzdata
  version: 2023d
  manager: conda
  platform: osx-arm64
  dependencies: {}
  url: https://conda.anaconda.org/conda-forge/noarch/tzdata-2023d-h0c530f3_0.conda
  hash:
    md5: 8dee24b8be2d9ff81e7bd4d7d97ff1b0
    sha256: 04f2ab3e36f2015841551415bf16bf62933bd94b7085d4be5493b388e95a9c3d
  category: main
  optional: false
