# This lock file was generated by conda-lock (https://github.com/conda/conda-lock). DO NOT EDIT!
#
# A "lock file" contains a concrete list of package versions (with checksums) to be installed. Unlike
# e.g. `conda env create`, the resulting environment will not change as new package versions become
# available, unless you explicitly update the lock file.
#
# Install this environment as "YOURENV" with:
#     conda-lock install -n YOURENV --file conda-lock.yml
# To update a single package to the latest version compatible with the version constraints in the source:
#     conda-lock lock  --lockfile conda-lock.yml --update PACKAGE
# To re-solve the entire environment, e.g. after changing a version constraint in the source file:
#     conda-lock -f tmp.environment.yaml --lockfile conda-lock.yml
version: 1
metadata:
  content_hash:
    osx-arm64: e67a54624b7056f8bf8c48a57690c1cc16c409ebc6f4dc824df5226426fb4359
  channels:
  - url: conda-forge
    used_env_vars: []
  platforms:
  - osx-arm64
  sources:
  - tmp.environment.yaml
package:
- name: bzip2
  version: 1.0.8
  manager: conda
  platform: osx-arm64
  dependencies: {}
  url: https://conda.anaconda.org/conda-forge/osx-arm64/bzip2-1.0.8-h93a5062_5.conda
  hash:
    md5: 1bbc659ca658bfd49a481b5ef7a0f40f
    sha256: bfa84296a638bea78a8bb29abc493ee95f2a0218775642474a840411b950fe5f
  category: main
  optional: false
- name: ca-certificates
  version: 2023.11.17
  manager: conda
  platform: osx-arm64
  dependencies: {}
  url: https://conda.anaconda.org/conda-forge/osx-arm64/ca-certificates-2023.11.17-hf0a4a13_0.conda
  hash:
    md5: c01da7c77cfcba2107174e25c1d47384
    sha256: 75f4762a55f7e9453a603c967d549bfa0a7a9669d502d103cb6fbf8c86d993c6
  category: main
  optional: false
- name: libexpat
  version: 2.5.0
  manager: conda
  platform: osx-arm64
  dependencies: {}
  url: https://conda.anaconda.org/conda-forge/osx-arm64/libexpat-2.5.0-hb7217d7_1.conda
  hash:
    md5: 5a097ad3d17e42c148c9566280481317
    sha256: 7d143a9c991579ad4207f84c632650a571c66329090daa32b3c87cf7311c3381
  category: main
  optional: false
- name: libffi
  version: 3.4.2
  manager: conda
  platform: osx-arm64
  dependencies: {}
  url: https://conda.anaconda.org/conda-forge/osx-arm64/libffi-3.4.2-h3422bc3_5.tar.bz2
  hash:
    md5: 086914b672be056eb70fd4285b6783b6
    sha256: 41b3d13efb775e340e4dba549ab5c029611ea6918703096b2eaa9c015c0750ca
  category: main
  optional: false
- name: libsqlite
  version: 3.44.2
  manager: conda
  platform: osx-arm64
  dependencies:
    libzlib: '>=1.2.13,<1.3.0a0'
  url: https://conda.anaconda.org/conda-forge/osx-arm64/libsqlite-3.44.2-h091b4b1_0.conda
  hash:
    md5: d7e1af696cfadec251a0abdd7b79ed77
    sha256: f0dc2fe69eddb4bab72ff6bb0da51d689294f466ee1b01e80ced1e7878a21aa5
  category: main
  optional: false
- name: libzlib
  version: 1.2.13
  manager: conda
  platform: osx-arm64
  dependencies: {}
  url: https://conda.anaconda.org/conda-forge/osx-arm64/libzlib-1.2.13-h53f4e23_5.conda
  hash:
    md5: 1a47f5236db2e06a320ffa0392f81bd8
    sha256: ab1c8aefa2d54322a63aaeeefe9cf877411851738616c4068e0dccc66b9c758a
  category: main
  optional: false
- name: ncurses
  version: '6.4'
  manager: conda
  platform: osx-arm64
  dependencies:
    __osx: '>=10.9'
  url: https://conda.anaconda.org/conda-forge/osx-arm64/ncurses-6.4-h463b476_2.conda
  hash:
    md5: 52b6f254a7b9663e854f44b6570ed982
    sha256: f6890634f815e8408d08f36503353f8dfd7b055e4c3b9ea2ee52180255cf4b0a
  category: main
  optional: false
- name: networkx
  version: 3.2.1
  manager: conda
  platform: osx-arm64
  dependencies:
    python: '>=3.9'
  url: https://conda.anaconda.org/conda-forge/noarch/networkx-3.2.1-pyhd8ed1ab_0.conda
  hash:
    md5: 425fce3b531bed6ec3c74fab3e5f0a1c
    sha256: 7629aa4f9f8cdff45ea7a4701fe58dccce5bf2faa01c26eb44cbb27b7e15ca9d
  category: main
  optional: false
- name: openssl
  version: 3.2.0
  manager: conda
  platform: osx-arm64
  dependencies:
    ca-certificates: ''
  url: https://conda.anaconda.org/conda-forge/osx-arm64/openssl-3.2.0-h0d3ecfb_1.conda
  hash:
    md5: 47d16d26100f19ca495882882b7bc93b
    sha256: a53e1c6c058b621fd1d13cca6f9cccd534d2b3f4b4ac789fe26f7902031d6c41
  category: main
  optional: false
- name: psutil
  version: 5.9.5
  manager: conda
  platform: osx-arm64
  dependencies:
    python: '>=3.12.0rc3,<3.13.0a0'
    python_abi: 3.12.*
  url: https://conda.anaconda.org/conda-forge/osx-arm64/psutil-5.9.5-py312h02f2b3b_1.conda
  hash:
    md5: da7fbd956111473b106daf37d1a45b5f
    sha256: 6e86f17a5a6fb6bcf48b0b3aa455b530faee306809ae6e4107ff072fccdc5c9d
  category: main
  optional: false
- name: python
  version: 3.12.0
  manager: conda
  platform: osx-arm64
  dependencies:
    bzip2: '>=1.0.8,<2.0a0'
    libexpat: '>=2.5.0,<3.0a0'
    libffi: '>=3.4,<4.0a0'
    libsqlite: '>=3.43.0,<4.0a0'
    libzlib: '>=1.2.13,<1.3.0a0'
    ncurses: '>=6.4,<7.0a0'
    openssl: '>=3.1.3,<4.0a0'
    readline: '>=8.2,<9.0a0'
    tk: '>=8.6.13,<8.7.0a0'
    tzdata: ''
    xz: '>=5.2.6,<6.0a0'
  url: https://conda.anaconda.org/conda-forge/osx-arm64/python-3.12.0-h47c9636_0_cpython.conda
  hash:
    md5: ed8ae98b1b510de68392971b9367d18c
    sha256: eb66f8f249caa9d5a956c3a407f079e4779d652ebfc2a4b4f50dcea078e84fa8
  category: main
  optional: false
- name: python_abi
  version: '3.12'
  manager: conda
  platform: osx-arm64
  dependencies: {}
  url: https://conda.anaconda.org/conda-forge/osx-arm64/python_abi-3.12-4_cp312.conda
  hash:
    md5: bbb3a02c78b2d8219d7213f76d644a2a
    sha256: db25428e4f24f8693ffa39f3ff6dfbb8fd53bc298764b775b57edab1c697560f
  category: main
  optional: false
- name: readline
  version: '8.2'
  manager: conda
  platform: osx-arm64
  dependencies:
    ncurses: '>=6.3,<7.0a0'
  url: https://conda.anaconda.org/conda-forge/osx-arm64/readline-8.2-h92ec313_1.conda
  hash:
    md5: 8cbb776a2f641b943d413b3e19df71f4
    sha256: a1dfa679ac3f6007362386576a704ad2d0d7a02e98f5d0b115f207a2da63e884
  category: main
  optional: false
- name: tk
  version: 8.6.13
  manager: conda
  platform: osx-arm64
  dependencies:
    libzlib: '>=1.2.13,<1.3.0a0'
  url: https://conda.anaconda.org/conda-forge/osx-arm64/tk-8.6.13-h5083fa2_1.conda
  hash:
    md5: b50a57ba89c32b62428b71a875291c9b
    sha256: 72457ad031b4c048e5891f3f6cb27a53cb479db68a52d965f796910e71a403a8
  category: main
  optional: false
- name: tzdata
  version: 2023c
  manager: conda
  platform: osx-arm64
  dependencies: {}
  url: https://conda.anaconda.org/conda-forge/noarch/tzdata-2023c-h71feb2d_0.conda
  hash:
    md5: 939e3e74d8be4dac89ce83b20de2492a
    sha256: 0449138224adfa125b220154408419ec37c06b0b49f63c5954724325903ecf55
  category: main
  optional: false
- name: xz
  version: 5.2.6
  manager: conda
  platform: osx-arm64
  dependencies: {}
  url: https://conda.anaconda.org/conda-forge/osx-arm64/xz-5.2.6-h57fd34a_0.tar.bz2
  hash:
    md5: 39c6b54e94014701dd157f4f576ed211
    sha256: 59d78af0c3e071021cfe82dc40134c19dab8cdf804324b62940f5c8cd71803ec
  category: main
  optional: false
