# This file is created and managed by `unidep` 0.21.0.
# For details see https://github.com/basnijholt/unidep
# File generated with: `unidep conda-lock -d tests/simple_monorepo`
#
# This environment can be installed with
# `micromamba create -f conda-lock.yml -n myenv`
# This file is a `conda-lock` file generated via `unidep`.
# For details see https://conda.github.io/conda-lock/

version: 1
metadata:
  content_hash:
    osx-arm64: 993bfe1ece997f95e405bc8a3c97aeb8c4d829d18f0723482963a778f1c8ac0d
  channels:
  - url: conda-forge
    used_env_vars: []
  platforms:
  - osx-arm64
  sources:
  - tmp.environment.yaml
package:
- name: bzip2
  version: 1.0.8
  manager: conda
  platform: osx-arm64
  dependencies: {}
  url: https://conda.anaconda.org/conda-forge/osx-arm64/bzip2-1.0.8-h93a5062_5.conda
  hash:
    md5: 1bbc659ca658bfd49a481b5ef7a0f40f
    sha256: bfa84296a638bea78a8bb29abc493ee95f2a0218775642474a840411b950fe5f
  category: main
  optional: false
