# This file is created and managed by `unidep` 0.23.0.
# For details see https://github.com/basnijholt/unidep
# File generated with: `unidep conda-lock -d /Users/bas.nijholt/Work/unidep/tests/test-pip-and-conda-different-name`
#
# This environment can be installed with
# `micromamba create -f conda-lock.yml -n myenv`
# This file is a `conda-lock` file generated via `unidep`.
# For details see https://conda.github.io/conda-lock/

version: 1
metadata:
  content_hash:
    linux-64: c18392f096a6c21233400900e6ba90c299ad2d28348b69cb62a7cf66734bfe81
  channels:
  - url: conda-forge
    used_env_vars: []
  platforms:
  - linux-64
  sources:
  - tmp.environment.yaml
package:
- name: _libgcc_mutex
  version: '0.1'
  manager: conda
  platform: linux-64
  dependencies: {}
  url: https://conda.anaconda.org/conda-forge/linux-64/_libgcc_mutex-0.1-conda_forge.tar.bz2
  hash:
    md5: d7c89558ba9fa0495403155b64376d81
    sha256: fe51de6107f9edc7aa4f786a70f4a883943bc9d39b3bb7307c04c41410990726
  category: main
  optional: false
- name: _openmp_mutex
  version: '4.5'
  manager: conda
  platform: linux-64
  dependencies:
    _libgcc_mutex: '0.1'
    libgomp: '>=7.5.0'
  url: https://conda.anaconda.org/conda-forge/linux-64/_openmp_mutex-4.5-2_gnu.tar.bz2
  hash:
    md5: 73aaf86a425cc6e73fcf236a5a46396d
    sha256: fbe2c5e56a653bebb982eda4876a9178aedfc2b545f25d0ce9c4c0b508253d22
  category: main
  optional: false
- name: bzip2
  version: 1.0.8
  manager: conda
  platform: linux-64
  dependencies:
    libgcc-ng: '>=12'
  url: https://conda.anaconda.org/conda-forge/linux-64/bzip2-1.0.8-hd590300_5.conda
  hash:
    md5: 69b8b6202a07720f448be700e300ccf4
    sha256: 242c0c324507ee172c0e0dd2045814e746bb303d1eb78870d182ceb0abc726a8
  category: main
  optional: false
- name: ca-certificates
  version: 2023.11.17
  manager: conda
  platform: linux-64
  dependencies: {}
  url: https://conda.anaconda.org/conda-forge/linux-64/ca-certificates-2023.11.17-hbcca054_0.conda
  hash:
    md5: 01ffc8d36f9eba0ce0b3c1955fa780ee
    sha256: fb4b9f4b7d885002db0b93e22f44b5b03791ef3d4efdc9d0662185a0faafd6b6
  category: main
  optional: false
- name: ld_impl_linux-64
  version: '2.40'
  manager: conda
  platform: linux-64
  dependencies: {}
  url: https://conda.anaconda.org/conda-forge/linux-64/ld_impl_linux-64-2.40-h41732ed_0.conda
  hash:
    md5: 7aca3059a1729aa76c597603f10b0dd3
    sha256: f6cc89d887555912d6c61b295d398cff9ec982a3417d38025c45d5dd9b9e79cd
  category: main
  optional: false
- name: libffi
  version: 3.4.2
  manager: conda
  platform: linux-64
  dependencies:
    libgcc-ng: '>=9.4.0'
  url: https://conda.anaconda.org/conda-forge/linux-64/libffi-3.4.2-h7f98852_5.tar.bz2
  hash:
    md5: d645c6d2ac96843a2bfaccd2d62b3ac3
    sha256: ab6e9856c21709b7b517e940ae7028ae0737546122f83c2aa5d692860c3b149e
  category: main
  optional: false
- name: libgcc-ng
  version: 13.2.0
  manager: conda
  platform: linux-64
  dependencies:
    _libgcc_mutex: '0.1'
    _openmp_mutex: '>=4.5'
  url: https://conda.anaconda.org/conda-forge/linux-64/libgcc-ng-13.2.0-h807b86a_3.conda
  hash:
    md5: 23fdf1fef05baeb7eadc2aed5fb0011f
    sha256: 5e88f658e07a30ab41b154b42c59f079b168acfa9551a75bdc972099453f4105
  category: main
  optional: false
- name: libgomp
  version: 13.2.0
  manager: conda
  platform: linux-64
  dependencies:
    _libgcc_mutex: '0.1'
  url: https://conda.anaconda.org/conda-forge/linux-64/libgomp-13.2.0-h807b86a_3.conda
  hash:
    md5: 7124cbb46b13d395bdde68f2d215c989
    sha256: 6ebedee39b6bbbc969715d0d7fa4b381cce67e1139862604ffa393f821c08e81
  category: main
  optional: false
- name: libnsl
  version: 2.0.1
  manager: conda
  platform: linux-64
  dependencies:
    libgcc-ng: '>=12'
  url: https://conda.anaconda.org/conda-forge/linux-64/libnsl-2.0.1-hd590300_0.conda
  hash:
    md5: 30fd6e37fe21f86f4bd26d6ee73eeec7
    sha256: 26d77a3bb4dceeedc2a41bd688564fe71bf2d149fdcf117049970bc02ff1add6
  category: main
  optional: false
- name: libsqlite
  version: 3.44.2
  manager: conda
  platform: linux-64
  dependencies:
    libgcc-ng: '>=12'
    libzlib: '>=1.2.13,<1.3.0a0'
  url: https://conda.anaconda.org/conda-forge/linux-64/libsqlite-3.44.2-h2797004_0.conda
  hash:
    md5: 3b6a9f225c3dbe0d24f4fedd4625c5bf
    sha256: ee2c4d724a3ed60d5b458864d66122fb84c6ce1df62f735f90d8db17b66cd88a
  category: main
  optional: false
- name: libstdcxx-ng
  version: 13.2.0
  manager: conda
  platform: linux-64
  dependencies: {}
  url: https://conda.anaconda.org/conda-forge/linux-64/libstdcxx-ng-13.2.0-h7e041cc_3.conda
  hash:
    md5: 937eaed008f6bf2191c5fe76f87755e9
    sha256: 6c6c49efedcc5709a66f19fb6b26b69c6a5245310fd1d9a901fd5e38aaf7f882
  category: main
  optional: false
- name: libuuid
  version: 2.38.1
  manager: conda
  platform: linux-64
  dependencies:
    libgcc-ng: '>=12'
  url: https://conda.anaconda.org/conda-forge/linux-64/libuuid-2.38.1-h0b41bf4_0.conda
  hash:
    md5: 40b61aab5c7ba9ff276c41cfffe6b80b
    sha256: 787eb542f055a2b3de553614b25f09eefb0a0931b0c87dbcce6efdfd92f04f18
  category: main
  optional: false
- name: libzlib
  version: 1.2.13
  manager: conda
  platform: linux-64
  dependencies:
    libgcc-ng: '>=12'
  url: https://conda.anaconda.org/conda-forge/linux-64/libzlib-1.2.13-hd590300_5.conda
  hash:
    md5: f36c115f1ee199da648e0597ec2047ad
    sha256: 370c7c5893b737596fd6ca0d9190c9715d89d888b8c88537ae1ef168c25e82e4
  category: main
  optional: false
- name: msgpack-python
  version: 1.0.7
  manager: conda
  platform: linux-64
  dependencies:
    libgcc-ng: '>=12'
    libstdcxx-ng: '>=12'
    python: '>=3.10,<3.11.0a0'
    python_abi: 3.10.*
  url: https://conda.anaconda.org/conda-forge/linux-64/msgpack-python-1.0.7-py310hd41b1e2_0.conda
  hash:
    md5: dc5263dcaa1347e5a456ead3537be27d
    sha256: a5c7612029e3871b0af0bd69e8ee1545d3deb93b5bec29cf1bf72522375fda31
  category: main
  optional: false
- name: ncurses
  version: '6.4'
  manager: conda
  platform: linux-64
  dependencies:
    libgcc-ng: '>=12'
  url: https://conda.anaconda.org/conda-forge/linux-64/ncurses-6.4-h59595ed_2.conda
  hash:
    md5: 7dbaa197d7ba6032caf7ae7f32c1efa0
    sha256: 91cc03f14caf96243cead96c76fe91ab5925a695d892e83285461fb927dece5e
  category: main
  optional: false
- name: openssl
  version: 3.2.0
  manager: conda
  platform: linux-64
  dependencies:
    ca-certificates: ''
    libgcc-ng: '>=12'
  url: https://conda.anaconda.org/conda-forge/linux-64/openssl-3.2.0-hd590300_1.conda
  hash:
    md5: 603827b39ea2b835268adb8c821b8570
    sha256: 80efc6f429bd8e622d999652e5cba2ca56fcdb9c16a439d2ce9b4313116e4a87
  category: main
  optional: false
- name: pip
  version: 23.3.1
  manager: conda
  platform: linux-64
  dependencies:
    python: '>=3.7'
    setuptools: ''
    wheel: ''
  url: https://conda.anaconda.org/conda-forge/noarch/pip-23.3.1-pyhd8ed1ab_0.conda
  hash:
    md5: 2400c0b86889f43aa52067161e1fb108
    sha256: 435829a03e1c6009f013f29bb83de8b876c388820bf8cf69a7baeec25f6a3563
  category: main
  optional: false
- name: python
  version: 3.10.13
  manager: conda
  platform: linux-64
  dependencies:
    bzip2: '>=1.0.8,<2.0a0'
    ld_impl_linux-64: '>=2.36.1'
    libffi: '>=3.4,<4.0a0'
    libgcc-ng: '>=12'
    libnsl: '>=2.0.1,<2.1.0a0'
    libsqlite: '>=3.43.2,<4.0a0'
    libuuid: '>=2.38.1,<3.0a0'
    libzlib: '>=1.2.13,<1.3.0a0'
    ncurses: '>=6.4,<7.0a0'
    openssl: '>=3.1.4,<4.0a0'
    readline: '>=8.2,<9.0a0'
    tk: '>=8.6.13,<8.7.0a0'
    tzdata: ''
    xz: '>=5.2.6,<6.0a0'
  url: https://conda.anaconda.org/conda-forge/linux-64/python-3.10.13-hd12c33a_0_cpython.conda
  hash:
    md5: f3a8c32aa764c3e7188b4b810fc9d6ce
    sha256: a53410f459f314537b379982717b1c5911efc2f0cc26d63c4d6f831bcb31c964
  category: main
  optional: false
- name: python_abi
  version: '3.10'
  manager: conda
  platform: linux-64
  dependencies: {}
  url: https://conda.anaconda.org/conda-forge/linux-64/python_abi-3.10-4_cp310.conda
  hash:
    md5: 26322ec5d7712c3ded99dd656142b8ce
    sha256: 456bec815bfc2b364763084d08b412fdc4c17eb9ccc66a36cb775fa7ac3cbaec
  category: main
  optional: false
- name: readline
  version: '8.2'
  manager: conda
  platform: linux-64
  dependencies:
    libgcc-ng: '>=12'
    ncurses: '>=6.3,<7.0a0'
  url: https://conda.anaconda.org/conda-forge/linux-64/readline-8.2-h8228510_1.conda
  hash:
    md5: 47d31b792659ce70f470b5c82fdfb7a4
    sha256: 5435cf39d039387fbdc977b0a762357ea909a7694d9528ab40f005e9208744d7
  category: main
  optional: false
- name: setuptools
  version: 68.2.2
  manager: conda
  platform: linux-64
  dependencies:
    python: '>=3.7'
  url: https://conda.anaconda.org/conda-forge/noarch/setuptools-68.2.2-pyhd8ed1ab_0.conda
  hash:
    md5: fc2166155db840c634a1291a5c35a709
    sha256: 851901b1f8f2049edb36a675f0c3f9a98e1495ef4eb214761b048c6f696a06f7
  category: main
  optional: false
- name: tk
  version: 8.6.13
  manager: conda
  platform: linux-64
  dependencies:
    libgcc-ng: '>=12'
    libzlib: '>=1.2.13,<1.3.0a0'
  url: https://conda.anaconda.org/conda-forge/linux-64/tk-8.6.13-noxft_h4845f30_101.conda
  hash:
    md5: d453b98d9c83e71da0741bb0ff4d76bc
    sha256: e0569c9caa68bf476bead1bed3d79650bb080b532c64a4af7d8ca286c08dea4e
  category: main
  optional: false
- name: tzdata
  version: 2023c
  manager: conda
  platform: linux-64
  dependencies: {}
  url: https://conda.anaconda.org/conda-forge/noarch/tzdata-2023c-h71feb2d_0.conda
  hash:
    md5: 939e3e74d8be4dac89ce83b20de2492a
    sha256: 0449138224adfa125b220154408419ec37c06b0b49f63c5954724325903ecf55
  category: main
  optional: false
- name: wheel
  version: 0.42.0
  manager: conda
  platform: linux-64
  dependencies:
    python: '>=3.7'
  url: https://conda.anaconda.org/conda-forge/noarch/wheel-0.42.0-pyhd8ed1ab_0.conda
  hash:
    md5: 1cdea58981c5cbc17b51973bcaddcea7
    sha256: 80be0ccc815ce22f80c141013302839b0ed938a2edb50b846cf48d8a8c1cfa01
  category: main
  optional: false
- name: xz
  version: 5.2.6
  manager: conda
  platform: linux-64
  dependencies:
    libgcc-ng: '>=12'
  url: https://conda.anaconda.org/conda-forge/linux-64/xz-5.2.6-h166bdaf_0.tar.bz2
  hash:
    md5: 2161070d867d1b1204ea749c8eec4ef0
    sha256: 03a6d28ded42af8a347345f82f3eebdd6807a08526d47899a42d62d319609162
  category: main
  optional: false
- name: fluent-logger
  version: 0.10.0
  manager: pip
  platform: linux-64
  dependencies:
    msgpack: '>1.0'
  url: https://files.pythonhosted.org/packages/00/43/9cbd7756dfe2cddc0a76ec2eaec56449ac126455c36fe03ecc86f7feac8f/fluent_logger-0.10.0-py2.py3-none-any.whl
  hash:
    sha256: 543637e5e62ec3fc3c92b44e5a4e148a3cea88a0f8ca4fae26c7e60fda7564c1
  category: main
  optional: false
- name: rsync-time-machine
  version: 1.3.0
  manager: pip
  platform: linux-64
  dependencies: {}
  url: https://files.pythonhosted.org/packages/42/88/f32647517b00f937c66ae2891f22ebb614ac521386254c2eefd9d770c05e/rsync_time_machine-1.3.0-py3-none-any.whl
  hash:
    sha256: 371c23dddddedee51c57dec1f31de82465b9139f17357754dc92269d58c3d454
  category: main
  optional: false
